
Microsoft Visual Studio Solution File, Format Version 12.00
# Visual Studio 15
VisualStudioVersion = 15.0.28307.757
MinimumVisualStudioVersion = 10.0.40219.1
Project("{FAE04EC0-301F-11D3-BF4B-00C04F79EFBC}") = "HopitalInfo", "HopitalInfo\HopitalInfo.csproj", "{BA6001F2-7B44-42F0-9E8D-E28A29E5ED9E}"
EndProject
Global
	GlobalSection(SolutionConfigurationPlatforms) = preSolution
		Debug|Any CPU = Debug|Any CPU
		Release|Any CPU = Release|Any CPU
	EndGlobalSection
	GlobalSection(ProjectConfigurationPlatforms) = postSolution
		{BA6001F2-7B44-42F0-9E8D-E28A29E5ED9E}.Debug|Any CPU.ActiveCfg = Debug|Any CPU
		{BA6001F2-7B44-42F0-9E8D-E28A29E5ED9E}.Debug|Any CPU.Build.0 = Debug|Any CPU
		{BA6001F2-7B44-42F0-9E8D-E28A29E5ED9E}.Release|Any CPU.ActiveCfg = Release|Any CPU
		{BA6001F2-7B44-42F0-9E8D-E28A29E5ED9E}.Release|Any CPU.Build.0 = Release|Any CPU
	EndGlobalSection
	GlobalSection(SolutionProperties) = preSolution
		HideSolutionNode = FALSE
	EndGlobalSection
	GlobalSection(ExtensibilityGlobals) = postSolution
		SolutionGuid = {A1932AB7-59CC-4875-B7F0-CEDA949A8C77}
	EndGlobalSection
EndGlobal
